
Microsoft Visual Studio Solution File, Format Version 12.00
# Visual Studio 14
VisualStudioVersion = 14.0.25420.1
MinimumVisualStudioVersion = 10.0.40219.1
Project("{FAE04EC0-301F-11D3-BF4B-00C04F79EFBC}") = "AccountAtAGlance", "AccountAtAGlance\AccountAtAGlance.csproj", "{5495DFD7-1FB3-428F-A8EC-BB0B7850F2C4}"
EndProject
Project("{FAE04EC0-301F-11D3-BF4B-00C04F79EFBC}") = "AccountAtAGlance.Model", "AccountAtAGlance.Model\AccountAtAGlance.Model.csproj", "{B6965841-4D3B-40C2-883C-EF1D068DD2A4}"
EndProject
Project("{FAE04EC0-301F-11D3-BF4B-00C04F79EFBC}") = "AccountAtAGlance.Repository", "AccountAtAGlance.Repository\AccountAtAGlance.Repository.csproj", "{775BC647-282C-4F28-9150-FE9B75C1686C}"
EndProject
Global
	GlobalSection(SolutionConfigurationPlatforms) = preSolution
		Debug|Any CPU = Debug|Any CPU
		Release|Any CPU = Release|Any CPU
	EndGlobalSection
	GlobalSection(ProjectConfigurationPlatforms) = postSolution
		{5495DFD7-1FB3-428F-A8EC-BB0B7850F2C4}.Debug|Any CPU.ActiveCfg = Debug|Any CPU
		{5495DFD7-1FB3-428F-A8EC-BB0B7850F2C4}.Debug|Any CPU.Build.0 = Debug|Any CPU
		{5495DFD7-1FB3-428F-A8EC-BB0B7850F2C4}.Release|Any CPU.ActiveCfg = Release|Any CPU
		{5495DFD7-1FB3-428F-A8EC-BB0B7850F2C4}.Release|Any CPU.Build.0 = Release|Any CPU
		{B6965841-4D3B-40C2-883C-EF1D068DD2A4}.Debug|Any CPU.ActiveCfg = Debug|Any CPU
		{B6965841-4D3B-40C2-883C-EF1D068DD2A4}.Debug|Any CPU.Build.0 = Debug|Any CPU
		{B6965841-4D3B-40C2-883C-EF1D068DD2A4}.Release|Any CPU.ActiveCfg = Release|Any CPU
		{B6965841-4D3B-40C2-883C-EF1D068DD2A4}.Release|Any CPU.Build.0 = Release|Any CPU
		{775BC647-282C-4F28-9150-FE9B75C1686C}.Debug|Any CPU.ActiveCfg = Debug|Any CPU
		{775BC647-282C-4F28-9150-FE9B75C1686C}.Debug|Any CPU.Build.0 = Debug|Any CPU
		{775BC647-282C-4F28-9150-FE9B75C1686C}.Release|Any CPU.ActiveCfg = Release|Any CPU
		{775BC647-282C-4F28-9150-FE9B75C1686C}.Release|Any CPU.Build.0 = Release|Any CPU
	EndGlobalSection
	GlobalSection(SolutionProperties) = preSolution
		HideSolutionNode = FALSE
	EndGlobalSection
EndGlobal
